<?xml version="1.0" encoding="utf-8"?>
<Project ToolsVersion="4.0" xmlns="http://schemas.microsoft.com/developer/msbuild/2003">
  <ItemGroup>
    <Filter Include="Source Files">
      <UniqueIdentifier>{4FC737F1-C7A5-4376-A066-2A32D752A2FF}</UniqueIdentifier>
      <Extensions>cpp;c;cc;cxx;def;odl;idl;hpj;bat;asm;asmx</Extensions>
    </Filter>
    <Filter Include="Header Files">
      <UniqueIdentifier>{93995380-89BD-4b04-88EB-625FBE52EBFB}</UniqueIdentifier>
      <Extensions>h;hh;hpp;hxx;hm;inl;inc;xsd</Extensions>
    </Filter>
    <Filter Include="Resource Files">
      <UniqueIdentifier>{67DA6AB6-F800-4c08-8B7A-83BB121AAD01}</UniqueIdentifier>
      <Extensions>rc;ico;cur;bmp;dlg;rc2;rct;bin;rgs;gif;jpg;jpeg;jpe;resx;tiff;tif;png;wav;mfcribbon-ms</Extensions>
    </Filter>
    <Filter Include="Source Files\aes">
      <UniqueIdentifier>{c00c419c-7c7e-47b6-b137-663eaa48bd3a}</UniqueIdentifier>
    </Filter>
    <Filter Include="Header Files\aes">
      <UniqueIdentifier>{2769a701-a927-4a90-9fc2-b4982b47f3b3}</UniqueIdentifier>
    </Filter>
    <Filter Include="Header Files\core">
      <UniqueIdentifier>{15e2e310-841f-4bc5-a191-0ead971411b0}</UniqueIdentifier>
    </Filter>
    <Filter Include="Source Files\core">
      <UniqueIdentifier>{c798fbfb-d7e9-493c-a890-e2b0abc0cc6e}</UniqueIdentifier>
    </Filter>
    <Filter Include="Header Files\aes\traits">
      <UniqueIdentifier>{d80c525f-d6d6-4e27-b4bc-4a4977a9d93e}</UniqueIdentifier>
    </Filter>
    <Filter Include="Header Files\block cipher running modes">
      <UniqueIdentifier>{c4f3550a-ca43-4872-a797-1a8eb580827c}</UniqueIdentifier>
    </Filter>
  </ItemGroup>
  <ItemGroup>
    <Text Include="ReadMe.txt" />
  </ItemGroup>
  <ItemGroup>
    <ClInclude Include="stdafx.h">
      <Filter>Header Files</Filter>
    </ClInclude>
    <ClInclude Include="targetver.h">
      <Filter>Header Files</Filter>
    </ClInclude>
    <ClInclude Include="libCryptMG.h">
      <Filter>Header Files</Filter>
    </ClInclude>
    <ClInclude Include="exports.hpp">
      <Filter>Header Files</Filter>
    </ClInclude>
    <ClInclude Include="aes.hpp">
      <Filter>Header Files\aes</Filter>
    </ClInclude>
    <ClInclude Include="crypto_allocator.hpp">
      <Filter>Header Files\core</Filter>
    </ClInclude>
    <ClInclude Include="crypto_memclr.hpp">
      <Filter>Header Files\core</Filter>
    </ClInclude>
    <ClInclude Include="crypto_stddefs.hpp">
      <Filter>Header Files\core</Filter>
    </ClInclude>
    <ClInclude Include="cipher_key.hpp">
      <Filter>Header Files\core</Filter>
    </ClInclude>
    <ClInclude Include="crypto_string.hpp">
      <Filter>Header Files\core</Filter>
    </ClInclude>
    <ClInclude Include="crypto_vector.hpp">
      <Filter>Header Files\core</Filter>
    </ClInclude>
    <ClInclude Include="block_traits.hpp">
      <Filter>Header Files\core</Filter>
    </ClInclude>
    <ClInclude Include="aes_traits.hpp">
      <Filter>Header Files\aes\traits</Filter>
    </ClInclude>
    <ClInclude Include="cipher_block_chaining.hpp">
      <Filter>Header Files\block cipher running modes</Filter>
    </ClInclude>
  </ItemGroup>
  <ItemGroup>
    <ClCompile Include="stdafx.cpp">
      <Filter>Source Files</Filter>
    </ClCompile>
    <ClCompile Include="libCryptMG.cpp">
      <Filter>Source Files</Filter>
    </ClCompile>
    <ClCompile Include="dllmain.cpp">
      <Filter>Source Files</Filter>
    </ClCompile>
    <ClCompile Include="aes.cpp">
      <Filter>Source Files\aes</Filter>
    </ClCompile>
    <ClCompile Include="crypto_allocator.cpp">
      <Filter>Source Files\core</Filter>
    </ClCompile>
    <ClCompile Include="cipher_key.cpp">
      <Filter>Source Files\core</Filter>
    </ClCompile>
    <ClCompile Include="crypto_string.cpp">
      <Filter>Source Files\core</Filter>
    </ClCompile>
    <ClCompile Include="crypto_vector.cpp">
      <Filter>Source Files\core</Filter>
    </ClCompile>
  </ItemGroup>
</Project>